// !$*UTF8*$!
{
	archiveVersion = 1;
	classes = {
	};
	objectVersion = 56;
	objects = {

/* Begin PBXBuildFile section */
		62A161DF2AA253F90033BF79 /* AppDelegate.swift in Sources */ = {isa = PBXBuildFile; fileRef = 62A161DE2AA253F90033BF79 /* AppDelegate.swift */; };
		62A161E12AA253F90033BF79 /* SceneDelegate.swift in Sources */ = {isa = PBXBuildFile; fileRef = 62A161E02AA253F90033BF79 /* SceneDelegate.swift */; };
		62A161E62AA253F90033BF79 /* Main.storyboard in Resources */ = {isa = PBXBuildFile; fileRef = 62A161E42AA253F90033BF79 /* Main.storyboard */; };
		62A161E82AA253FA0033BF79 /* Assets.xcassets in Resources */ = {isa = PBXBuildFile; fileRef = 62A161E72AA253FA0033BF79 /* Assets.xcassets */; };
		62A161EB2AA253FA0033BF79 /* LaunchScreen.storyboard in Resources */ = {isa = PBXBuildFile; fileRef = 62A161E92AA253FA0033BF79 /* LaunchScreen.storyboard */; };
		62A161F62AA254E60033BF79 /* MoviesListViewController.swift in Sources */ = {isa = PBXBuildFile; fileRef = 62A161F52AA254E60033BF79 /* MoviesListViewController.swift */; };
		62A161F82AA254FC0033BF79 /* MovieDetailViewController.swift in Sources */ = {isa = PBXBuildFile; fileRef = 62A161F72AA254FC0033BF79 /* MovieDetailViewController.swift */; };
		62A161FB2AA255390033BF79 /* BaseViewController.swift in Sources */ = {isa = PBXBuildFile; fileRef = 62A161FA2AA255390033BF79 /* BaseViewController.swift */; };
		62A162002AA256A90033BF79 /* UICollectionViewCell+Extension.swift in Sources */ = {isa = PBXBuildFile; fileRef = 62A161FF2AA256A90033BF79 /* UICollectionViewCell+Extension.swift */; };
		62A162032AA256FD0033BF79 /* ReusableView.swift in Sources */ = {isa = PBXBuildFile; fileRef = 62A162022AA256FD0033BF79 /* ReusableView.swift */; };
		62A162052AA257450033BF79 /* UIStoryboard+Extension.swift in Sources */ = {isa = PBXBuildFile; fileRef = 62A162042AA257450033BF79 /* UIStoryboard+Extension.swift */; };
		62A162082AA258530033BF79 /* MovieListViewModel.swift in Sources */ = {isa = PBXBuildFile; fileRef = 62A162072AA258530033BF79 /* MovieListViewModel.swift */; };
		62A1620B2AA258B70033BF79 /* MovieListService.swift in Sources */ = {isa = PBXBuildFile; fileRef = 62A1620A2AA258B70033BF79 /* MovieListService.swift */; };
		62A1620E2AA2591E0033BF79 /* NetworkManager.swift in Sources */ = {isa = PBXBuildFile; fileRef = 62A1620D2AA2591E0033BF79 /* NetworkManager.swift */; };
		62A162102AA259570033BF79 /* APIEndpoints.swift in Sources */ = {isa = PBXBuildFile; fileRef = 62A1620F2AA259570033BF79 /* APIEndpoints.swift */; };
		62A162132AA25A360033BF79 /* Movie.swift in Sources */ = {isa = PBXBuildFile; fileRef = 62A162122AA25A360033BF79 /* Movie.swift */; };
		62A162172AA25EF20033BF79 /* AppConfig.swift in Sources */ = {isa = PBXBuildFile; fileRef = 62A162162AA25EF20033BF79 /* AppConfig.swift */; };
		62A1621A2AA263C40033BF79 /* MovieListCollectionViewCell.swift in Sources */ = {isa = PBXBuildFile; fileRef = 62A162192AA263C40033BF79 /* MovieListCollectionViewCell.swift */; };
		62A1621C2AA264E20033BF79 /* MovieListCollectionViewCell.xib in Resources */ = {isa = PBXBuildFile; fileRef = 62A1621B2AA264E20033BF79 /* MovieListCollectionViewCell.xib */; };
		62A1621E2AA268ED0033BF79 /* AlertPresenter.swift in Sources */ = {isa = PBXBuildFile; fileRef = 62A1621D2AA268ED0033BF79 /* AlertPresenter.swift */; };
		62A162212AA270130033BF79 /* Kingfisher in Frameworks */ = {isa = PBXBuildFile; productRef = 62A162202AA270130033BF79 /* Kingfisher */; };
		62A162232AA2FD160033BF79 /* MovieDetailViewModel.swift in Sources */ = {isa = PBXBuildFile; fileRef = 62A162222AA2FD160033BF79 /* MovieDetailViewModel.swift */; };
		62A162252AA2FF170033BF79 /* Navigator.swift in Sources */ = {isa = PBXBuildFile; fileRef = 62A162242AA2FF170033BF79 /* Navigator.swift */; };
		62A162272AA301F80033BF79 /* Date+Extension.swift in Sources */ = {isa = PBXBuildFile; fileRef = 62A162262AA301F80033BF79 /* Date+Extension.swift */; };
		62A162292AA302040033BF79 /* String+Extension.swift in Sources */ = {isa = PBXBuildFile; fileRef = 62A162282AA302040033BF79 /* String+Extension.swift */; };
		62A1622B2AA302AB0033BF79 /* DateFormats.swift in Sources */ = {isa = PBXBuildFile; fileRef = 62A1622A2AA302AB0033BF79 /* DateFormats.swift */; };
		62A1622D2AA306780033BF79 /* MovieDetailService.swift in Sources */ = {isa = PBXBuildFile; fileRef = 62A1622C2AA306780033BF79 /* MovieDetailService.swift */; };
/* End PBXBuildFile section */

/* Begin PBXFileReference section */
		62A161DB2AA253F90033BF79 /* SwipBox.app */ = {isa = PBXFileReference; explicitFileType = wrapper.application; includeInIndex = 0; path = SwipBox.app; sourceTree = BUILT_PRODUCTS_DIR; };
		62A161DE2AA253F90033BF79 /* AppDelegate.swift */ = {isa = PBXFileReference; lastKnownFileType = sourcecode.swift; path = AppDelegate.swift; sourceTree = "<group>"; };
		62A161E02AA253F90033BF79 /* SceneDelegate.swift */ = {isa = PBXFileReference; lastKnownFileType = sourcecode.swift; path = SceneDelegate.swift; sourceTree = "<group>"; };
		62A161E52AA253F90033BF79 /* Base */ = {isa = PBXFileReference; lastKnownFileType = file.storyboard; name = Base; path = Base.lproj/Main.storyboard; sourceTree = "<group>"; };
		62A161E72AA253FA0033BF79 /* Assets.xcassets */ = {isa = PBXFileReference; lastKnownFileType = folder.assetcatalog; path = Assets.xcassets; sourceTree = "<group>"; };
		62A161EA2AA253FA0033BF79 /* Base */ = {isa = PBXFileReference; lastKnownFileType = file.storyboard; name = Base; path = Base.lproj/LaunchScreen.storyboard; sourceTree = "<group>"; };
		62A161EC2AA253FA0033BF79 /* Info.plist */ = {isa = PBXFileReference; lastKnownFileType = text.plist.xml; path = Info.plist; sourceTree = "<group>"; };
		62A161F52AA254E60033BF79 /* MoviesListViewController.swift */ = {isa = PBXFileReference; lastKnownFileType = sourcecode.swift; name = MoviesListViewController.swift; path = SwipBox/UserFlow/MovieList/MoviesListViewController.swift; sourceTree = SOURCE_ROOT; };
		62A161F72AA254FC0033BF79 /* MovieDetailViewController.swift */ = {isa = PBXFileReference; lastKnownFileType = sourcecode.swift; path = MovieDetailViewController.swift; sourceTree = "<group>"; };
		62A161FA2AA255390033BF79 /* BaseViewController.swift */ = {isa = PBXFileReference; lastKnownFileType = sourcecode.swift; path = BaseViewController.swift; sourceTree = "<group>"; };
		62A161FF2AA256A90033BF79 /* UICollectionViewCell+Extension.swift */ = {isa = PBXFileReference; lastKnownFileType = sourcecode.swift; path = "UICollectionViewCell+Extension.swift"; sourceTree = "<group>"; };
		62A162022AA256FD0033BF79 /* ReusableView.swift */ = {isa = PBXFileReference; lastKnownFileType = sourcecode.swift; path = ReusableView.swift; sourceTree = "<group>"; };
		62A162042AA257450033BF79 /* UIStoryboard+Extension.swift */ = {isa = PBXFileReference; lastKnownFileType = sourcecode.swift; path = "UIStoryboard+Extension.swift"; sourceTree = "<group>"; };
		62A162072AA258530033BF79 /* MovieListViewModel.swift */ = {isa = PBXFileReference; lastKnownFileType = sourcecode.swift; path = MovieListViewModel.swift; sourceTree = "<group>"; };
		62A1620A2AA258B70033BF79 /* MovieListService.swift */ = {isa = PBXFileReference; lastKnownFileType = sourcecode.swift; path = MovieListService.swift; sourceTree = "<group>"; };
		62A1620D2AA2591E0033BF79 /* NetworkManager.swift */ = {isa = PBXFileReference; lastKnownFileType = sourcecode.swift; path = NetworkManager.swift; sourceTree = "<group>"; };
		62A1620F2AA259570033BF79 /* APIEndpoints.swift */ = {isa = PBXFileReference; lastKnownFileType = sourcecode.swift; path = APIEndpoints.swift; sourceTree = "<group>"; };
		62A162122AA25A360033BF79 /* Movie.swift */ = {isa = PBXFileReference; lastKnownFileType = sourcecode.swift; path = Movie.swift; sourceTree = "<group>"; };
		62A162162AA25EF20033BF79 /* AppConfig.swift */ = {isa = PBXFileReference; lastKnownFileType = sourcecode.swift; path = AppConfig.swift; sourceTree = "<group>"; };
		62A162192AA263C40033BF79 /* MovieListCollectionViewCell.swift */ = {isa = PBXFileReference; lastKnownFileType = sourcecode.swift; path = MovieListCollectionViewCell.swift; sourceTree = "<group>"; };
		62A1621B2AA264E20033BF79 /* MovieListCollectionViewCell.xib */ = {isa = PBXFileReference; lastKnownFileType = file.xib; path = MovieListCollectionViewCell.xib; sourceTree = "<group>"; };
		62A1621D2AA268ED0033BF79 /* AlertPresenter.swift */ = {isa = PBXFileReference; lastKnownFileType = sourcecode.swift; path = AlertPresenter.swift; sourceTree = "<group>"; };
		62A162222AA2FD160033BF79 /* MovieDetailViewModel.swift */ = {isa = PBXFileReference; lastKnownFileType = sourcecode.swift; path = MovieDetailViewModel.swift; sourceTree = "<group>"; };
		62A162242AA2FF170033BF79 /* Navigator.swift */ = {isa = PBXFileReference; lastKnownFileType = sourcecode.swift; path = Navigator.swift; sourceTree = "<group>"; };
		62A162262AA301F80033BF79 /* Date+Extension.swift */ = {isa = PBXFileReference; lastKnownFileType = sourcecode.swift; path = "Date+Extension.swift"; sourceTree = "<group>"; };
		62A162282AA302040033BF79 /* String+Extension.swift */ = {isa = PBXFileReference; lastKnownFileType = sourcecode.swift; path = "String+Extension.swift"; sourceTree = "<group>"; };
		62A1622A2AA302AB0033BF79 /* DateFormats.swift */ = {isa = PBXFileReference; lastKnownFileType = sourcecode.swift; path = DateFormats.swift; sourceTree = "<group>"; };
		62A1622C2AA306780033BF79 /* MovieDetailService.swift */ = {isa = PBXFileReference; lastKnownFileType = sourcecode.swift; path = MovieDetailService.swift; sourceTree = "<group>"; };
/* End PBXFileReference section */

/* Begin PBXFrameworksBuildPhase section */
		62A161D82AA253F90033BF79 /* Frameworks */ = {
			isa = PBXFrameworksBuildPhase;
			buildActionMask = 2147483647;
			files = (
				62A162212AA270130033BF79 /* Kingfisher in Frameworks */,
			);
			runOnlyForDeploymentPostprocessing = 0;
		};
/* End PBXFrameworksBuildPhase section */

/* Begin PBXGroup section */
		62A161D22AA253F90033BF79 = {
			isa = PBXGroup;
			children = (
				62A161DD2AA253F90033BF79 /* SwipBox */,
				62A161DC2AA253F90033BF79 /* Products */,
			);
			sourceTree = "<group>";
		};
		62A161DC2AA253F90033BF79 /* Products */ = {
			isa = PBXGroup;
			children = (
				62A161DB2AA253F90033BF79 /* SwipBox.app */,
			);
			name = Products;
			sourceTree = "<group>";
		};
		62A161DD2AA253F90033BF79 /* SwipBox */ = {
			isa = PBXGroup;
			children = (
				62A161FD2AA255F90033BF79 /* Helpers */,
				62A162112AA25A260033BF79 /* Models */,
				62A162062AA258370033BF79 /* ViewModels */,
				62A1620C2AA258FA0033BF79 /* Network */,
				62A162092AA2589A0033BF79 /* Services */,
				62A161FC2AA255AE0033BF79 /* Storyboards */,
				62A161F22AA254550033BF79 /* UserFlow */,
				62A161DE2AA253F90033BF79 /* AppDelegate.swift */,
				62A161E02AA253F90033BF79 /* SceneDelegate.swift */,
				62A161E72AA253FA0033BF79 /* Assets.xcassets */,
				62A161E92AA253FA0033BF79 /* LaunchScreen.storyboard */,
				62A161EC2AA253FA0033BF79 /* Info.plist */,
			);
			path = SwipBox;
			sourceTree = "<group>";
		};
		62A161F22AA254550033BF79 /* UserFlow */ = {
			isa = PBXGroup;
			children = (
				62A161F92AA255200033BF79 /* BaseController */,
				62A161F42AA254670033BF79 /* MovieDetail */,
				62A161F32AA254600033BF79 /* MovieList */,
			);
			path = UserFlow;
			sourceTree = "<group>";
		};
		62A161F32AA254600033BF79 /* MovieList */ = {
			isa = PBXGroup;
			children = (
				62A162182AA263920033BF79 /* Cells */,
				62A161F52AA254E60033BF79 /* MoviesListViewController.swift */,
			);
			path = MovieList;
			sourceTree = "<group>";
		};
		62A161F42AA254670033BF79 /* MovieDetail */ = {
			isa = PBXGroup;
			children = (
				62A161F72AA254FC0033BF79 /* MovieDetailViewController.swift */,
			);
			path = MovieDetail;
			sourceTree = "<group>";
		};
		62A161F92AA255200033BF79 /* BaseController */ = {
			isa = PBXGroup;
			children = (
				62A161FA2AA255390033BF79 /* BaseViewController.swift */,
			);
			path = BaseController;
			sourceTree = "<group>";
		};
		62A161FC2AA255AE0033BF79 /* Storyboards */ = {
			isa = PBXGroup;
			children = (
				62A161E42AA253F90033BF79 /* Main.storyboard */,
			);
			path = Storyboards;
			sourceTree = "<group>";
		};
		62A161FD2AA255F90033BF79 /* Helpers */ = {
			isa = PBXGroup;
			children = (
				62A162012AA256C50033BF79 /* Workers */,
				62A161FE2AA2561B0033BF79 /* Extensions */,
			);
			path = Helpers;
			sourceTree = "<group>";
		};
		62A161FE2AA2561B0033BF79 /* Extensions */ = {
			isa = PBXGroup;
			children = (
				62A161FF2AA256A90033BF79 /* UICollectionViewCell+Extension.swift */,
				62A162042AA257450033BF79 /* UIStoryboard+Extension.swift */,
				62A162262AA301F80033BF79 /* Date+Extension.swift */,
				62A162282AA302040033BF79 /* String+Extension.swift */,
			);
			path = Extensions;
			sourceTree = "<group>";
		};
		62A162012AA256C50033BF79 /* Workers */ = {
			isa = PBXGroup;
			children = (
				62A162022AA256FD0033BF79 /* ReusableView.swift */,
				62A162162AA25EF20033BF79 /* AppConfig.swift */,
				62A1621D2AA268ED0033BF79 /* AlertPresenter.swift */,
				62A162242AA2FF170033BF79 /* Navigator.swift */,
				62A1622A2AA302AB0033BF79 /* DateFormats.swift */,
			);
			path = Workers;
			sourceTree = "<group>";
		};
		62A162062AA258370033BF79 /* ViewModels */ = {
			isa = PBXGroup;
			children = (
				62A162072AA258530033BF79 /* MovieListViewModel.swift */,
				62A162222AA2FD160033BF79 /* MovieDetailViewModel.swift */,
			);
			path = ViewModels;
			sourceTree = "<group>";
		};
		62A162092AA2589A0033BF79 /* Services */ = {
			isa = PBXGroup;
			children = (
				62A1620A2AA258B70033BF79 /* MovieListService.swift */,
				62A1622C2AA306780033BF79 /* MovieDetailService.swift */,
			);
			path = Services;
			sourceTree = "<group>";
		};
		62A1620C2AA258FA0033BF79 /* Network */ = {
			isa = PBXGroup;
			children = (
				62A1620D2AA2591E0033BF79 /* NetworkManager.swift */,
				62A1620F2AA259570033BF79 /* APIEndpoints.swift */,
			);
			path = Network;
			sourceTree = "<group>";
		};
		62A162112AA25A260033BF79 /* Models */ = {
			isa = PBXGroup;
			children = (
				62A162122AA25A360033BF79 /* Movie.swift */,
			);
			path = Models;
			sourceTree = "<group>";
		};
		62A162182AA263920033BF79 /* Cells */ = {
			isa = PBXGroup;
			children = (
				62A162192AA263C40033BF79 /* MovieListCollectionViewCell.swift */,
				62A1621B2AA264E20033BF79 /* MovieListCollectionViewCell.xib */,
			);
			path = Cells;
			sourceTree = "<group>";
		};
/* End PBXGroup section */

/* Begin PBXNativeTarget section */
		62A161DA2AA253F90033BF79 /* SwipBox */ = {
			isa = PBXNativeTarget;
			buildConfigurationList = 62A161EF2AA253FA0033BF79 /* Build configuration list for PBXNativeTarget "SwipBox" */;
			buildPhases = (
				62A161D72AA253F90033BF79 /* Sources */,
				62A161D82AA253F90033BF79 /* Frameworks */,
				62A161D92AA253F90033BF79 /* Resources */,
			);
			buildRules = (
			);
			dependencies = (
			);
			name = SwipBox;
			packageProductDependencies = (
				62A162202AA270130033BF79 /* Kingfisher */,
			);
			productName = SwipBox;
			productReference = 62A161DB2AA253F90033BF79 /* SwipBox.app */;
			productType = "com.apple.product-type.application";
		};
/* End PBXNativeTarget section */

/* Begin PBXProject section */
		62A161D32AA253F90033BF79 /* Project object */ = {
			isa = PBXProject;
			attributes = {
				BuildIndependentTargetsInParallel = 1;
				LastSwiftUpdateCheck = 1430;
				LastUpgradeCheck = 1430;
				TargetAttributes = {
					62A161DA2AA253F90033BF79 = {
						CreatedOnToolsVersion = 14.3.1;
					};
				};
			};
			buildConfigurationList = 62A161D62AA253F90033BF79 /* Build configuration list for PBXProject "SwipBox" */;
			compatibilityVersion = "Xcode 14.0";
			developmentRegion = en;
			hasScannedForEncodings = 0;
			knownRegions = (
				en,
				Base,
			);
			mainGroup = 62A161D22AA253F90033BF79;
			packageReferences = (
				62A1621F2AA270130033BF79 /* XCRemoteSwiftPackageReference "Kingfisher" */,
			);
			productRefGroup = 62A161DC2AA253F90033BF79 /* Products */;
			projectDirPath = "";
			projectRoot = "";
			targets = (
				62A161DA2AA253F90033BF79 /* SwipBox */,
			);
		};
/* End PBXProject section */

/* Begin PBXResourcesBuildPhase section */
		62A161D92AA253F90033BF79 /* Resources */ = {
			isa = PBXResourcesBuildPhase;
			buildActionMask = 2147483647;
			files = (
				62A161EB2AA253FA0033BF79 /* LaunchScreen.storyboard in Resources */,
				62A161E82AA253FA0033BF79 /* Assets.xcassets in Resources */,
				62A161E62AA253F90033BF79 /* Main.storyboard in Resources */,
				62A1621C2AA264E20033BF79 /* MovieListCollectionViewCell.xib in Resources */,
			);
			runOnlyForDeploymentPostprocessing = 0;
		};
/* End PBXResourcesBuildPhase section */

/* Begin PBXSourcesBuildPhase section */
		62A161D72AA253F90033BF79 /* Sources */ = {
			isa = PBXSourcesBuildPhase;
			buildActionMask = 2147483647;
			files = (
				62A161FB2AA255390033BF79 /* BaseViewController.swift in Sources */,
				62A1621A2AA263C40033BF79 /* MovieListCollectionViewCell.swift in Sources */,
				62A161F82AA254FC0033BF79 /* MovieDetailViewController.swift in Sources */,
				62A1620B2AA258B70033BF79 /* MovieListService.swift in Sources */,
				62A162172AA25EF20033BF79 /* AppConfig.swift in Sources */,
				62A162102AA259570033BF79 /* APIEndpoints.swift in Sources */,
				62A161DF2AA253F90033BF79 /* AppDelegate.swift in Sources */,
				62A1620E2AA2591E0033BF79 /* NetworkManager.swift in Sources */,
				62A162292AA302040033BF79 /* String+Extension.swift in Sources */,
				62A161E12AA253F90033BF79 /* SceneDelegate.swift in Sources */,
				62A1622D2AA306780033BF79 /* MovieDetailService.swift in Sources */,
				62A162252AA2FF170033BF79 /* Navigator.swift in Sources */,
				62A161F62AA254E60033BF79 /* MoviesListViewController.swift in Sources */,
				62A1622B2AA302AB0033BF79 /* DateFormats.swift in Sources */,
				62A162032AA256FD0033BF79 /* ReusableView.swift in Sources */,
				62A162052AA257450033BF79 /* UIStoryboard+Extension.swift in Sources */,
				62A162132AA25A360033BF79 /* Movie.swift in Sources */,
				62A162002AA256A90033BF79 /* UICollectionViewCell+Extension.swift in Sources */,
				62A162232AA2FD160033BF79 /* MovieDetailViewModel.swift in Sources */,
				62A162082AA258530033BF79 /* MovieListViewModel.swift in Sources */,
				62A162272AA301F80033BF79 /* Date+Extension.swift in Sources */,
				62A1621E2AA268ED0033BF79 /* AlertPresenter.swift in Sources */,
			);
			runOnlyForDeploymentPostprocessing = 0;
		};
/* End PBXSourcesBuildPhase section */

/* Begin PBXVariantGroup section */
		62A161E42AA253F90033BF79 /* Main.storyboard */ = {
			isa = PBXVariantGroup;
			children = (
				62A161E52AA253F90033BF79 /* Base */,
			);
			name = Main.storyboard;
			sourceTree = "<group>";
		};
		62A161E92AA253FA0033BF79 /* LaunchScreen.storyboard */ = {
			isa = PBXVariantGroup;
			children = (
				62A161EA2AA253FA0033BF79 /* Base */,
			);
			name = LaunchScreen.storyboard;
			sourceTree = "<group>";
		};
/* End PBXVariantGroup section */

/* Begin XCBuildConfiguration section */
		62A161ED2AA253FA0033BF79 /* Debug */ = {
			isa = XCBuildConfiguration;
			buildSettings = {
				ALWAYS_SEARCH_USER_PATHS = NO;
				CLANG_ANALYZER_NONNULL = YES;
				CLANG_ANALYZER_NUMBER_OBJECT_CONVERSION = YES_AGGRESSIVE;
				CLANG_CXX_LANGUAGE_STANDARD = "gnu++20";
				CLANG_ENABLE_MODULES = YES;
				CLANG_ENABLE_OBJC_ARC = YES;
				CLANG_ENABLE_OBJC_WEAK = YES;
				CLANG_WARN_BLOCK_CAPTURE_AUTORELEASING = YES;
				CLANG_WARN_BOOL_CONVERSION = YES;
				CLANG_WARN_COMMA = YES;
				CLANG_WARN_CONSTANT_CONVERSION = YES;
				CLANG_WARN_DEPRECATED_OBJC_IMPLEMENTATIONS = YES;
				CLANG_WARN_DIRECT_OBJC_ISA_USAGE = YES_ERROR;
				CLANG_WARN_DOCUMENTATION_COMMENTS = YES;
				CLANG_WARN_EMPTY_BODY = YES;
				CLANG_WARN_ENUM_CONVERSION = YES;
				CLANG_WARN_INFINITE_RECURSION = YES;
				CLANG_WARN_INT_CONVERSION = YES;
				CLANG_WARN_NON_LITERAL_NULL_CONVERSION = YES;
				CLANG_WARN_OBJC_IMPLICIT_RETAIN_SELF = YES;
				CLANG_WARN_OBJC_LITERAL_CONVERSION = YES;
				CLANG_WARN_OBJC_ROOT_CLASS = YES_ERROR;
				CLANG_WARN_QUOTED_INCLUDE_IN_FRAMEWORK_HEADER = YES;
				CLANG_WARN_RANGE_LOOP_ANALYSIS = YES;
				CLANG_WARN_STRICT_PROTOTYPES = YES;
				CLANG_WARN_SUSPICIOUS_MOVE = YES;
				CLANG_WARN_UNGUARDED_AVAILABILITY = YES_AGGRESSIVE;
				CLANG_WARN_UNREACHABLE_CODE = YES;
				CLANG_WARN__DUPLICATE_METHOD_MATCH = YES;
				COPY_PHASE_STRIP = NO;
				DEBUG_INFORMATION_FORMAT = dwarf;
				ENABLE_STRICT_OBJC_MSGSEND = YES;
				ENABLE_TESTABILITY = YES;
				GCC_C_LANGUAGE_STANDARD = gnu11;
				GCC_DYNAMIC_NO_PIC = NO;
				GCC_NO_COMMON_BLOCKS = YES;
				GCC_OPTIMIZATION_LEVEL = 0;
				GCC_PREPROCESSOR_DEFINITIONS = (
					"DEBUG=1",
					"$(inherited)",
				);
				GCC_WARN_64_TO_32_BIT_CONVERSION = YES;
				GCC_WARN_ABOUT_RETURN_TYPE = YES_ERROR;
				GCC_WARN_UNDECLARED_SELECTOR = YES;
				GCC_WARN_UNINITIALIZED_AUTOS = YES_AGGRESSIVE;
				GCC_WARN_UNUSED_FUNCTION = YES;
				GCC_WARN_UNUSED_VARIABLE = YES;
				IPHONEOS_DEPLOYMENT_TARGET = 16.4;
				MTL_ENABLE_DEBUG_INFO = INCLUDE_SOURCE;
				MTL_FAST_MATH = YES;
				ONLY_ACTIVE_ARCH = YES;
				SDKROOT = iphoneos;
				SWIFT_ACTIVE_COMPILATION_CONDITIONS = DEBUG;
				SWIFT_OPTIMIZATION_LEVEL = "-Onone";
			};
			name = Debug;
		};
		62A161EE2AA253FA0033BF79 /* Release */ = {
			isa = XCBuildConfiguration;
			buildSettings = {
				ALWAYS_SEARCH_USER_PATHS = NO;
				CLANG_ANALYZER_NONNULL = YES;
				CLANG_ANALYZER_NUMBER_OBJECT_CONVERSION = YES_AGGRESSIVE;
				CLANG_CXX_LANGUAGE_STANDARD = "gnu++20";
				CLANG_ENABLE_MODULES = YES;
				CLANG_ENABLE_OBJC_ARC = YES;
				CLANG_ENABLE_OBJC_WEAK = YES;
				CLANG_WARN_BLOCK_CAPTURE_AUTORELEASING = YES;
				CLANG_WARN_BOOL_CONVERSION = YES;
				CLANG_WARN_COMMA = YES;
				CLANG_WARN_CONSTANT_CONVERSION = YES;
				CLANG_WARN_DEPRECATED_OBJC_IMPLEMENTATIONS = YES;
				CLANG_WARN_DIRECT_OBJC_ISA_USAGE = YES_ERROR;
				CLANG_WARN_DOCUMENTATION_COMMENTS = YES;
				CLANG_WARN_EMPTY_BODY = YES;
				CLANG_WARN_ENUM_CONVERSION = YES;
				CLANG_WARN_INFINITE_RECURSION = YES;
				CLANG_WARN_INT_CONVERSION = YES;
				CLANG_WARN_NON_LITERAL_NULL_CONVERSION = YES;
				CLANG_WARN_OBJC_IMPLICIT_RETAIN_SELF = YES;
				CLANG_WARN_OBJC_LITERAL_CONVERSION = YES;
				CLANG_WARN_OBJC_ROOT_CLASS = YES_ERROR;
				CLANG_WARN_QUOTED_INCLUDE_IN_FRAMEWORK_HEADER = YES;
				CLANG_WARN_RANGE_LOOP_ANALYSIS = YES;
				CLANG_WARN_STRICT_PROTOTYPES = YES;
				CLANG_WARN_SUSPICIOUS_MOVE = YES;
				CLANG_WARN_UNGUARDED_AVAILABILITY = YES_AGGRESSIVE;
				CLANG_WARN_UNREACHABLE_CODE = YES;
				CLANG_WARN__DUPLICATE_METHOD_MATCH = YES;
				COPY_PHASE_STRIP = NO;
				DEBUG_INFORMATION_FORMAT = "dwarf-with-dsym";
				ENABLE_NS_ASSERTIONS = NO;
				ENABLE_STRICT_OBJC_MSGSEND = YES;
				GCC_C_LANGUAGE_STANDARD = gnu11;
				GCC_NO_COMMON_BLOCKS = YES;
				GCC_WARN_64_TO_32_BIT_CONVERSION = YES;
				GCC_WARN_ABOUT_RETURN_TYPE = YES_ERROR;
				GCC_WARN_UNDECLARED_SELECTOR = YES;
				GCC_WARN_UNINITIALIZED_AUTOS = YES_AGGRESSIVE;
				GCC_WARN_UNUSED_FUNCTION = YES;
				GCC_WARN_UNUSED_VARIABLE = YES;
				IPHONEOS_DEPLOYMENT_TARGET = 16.4;
				MTL_ENABLE_DEBUG_INFO = NO;
				MTL_FAST_MATH = YES;
				SDKROOT = iphoneos;
				SWIFT_COMPILATION_MODE = wholemodule;
				SWIFT_OPTIMIZATION_LEVEL = "-O";
				VALIDATE_PRODUCT = YES;
			};
			name = Release;
		};
		62A161F02AA253FA0033BF79 /* Debug */ = {
			isa = XCBuildConfiguration;
			buildSettings = {
				ASSETCATALOG_COMPILER_APPICON_NAME = AppIcon;
				ASSETCATALOG_COMPILER_GLOBAL_ACCENT_COLOR_NAME = AccentColor;
				CODE_SIGN_STYLE = Automatic;
				CURRENT_PROJECT_VERSION = 1;
				DEVELOPMENT_TEAM = U393X3CX8G;
				GENERATE_INFOPLIST_FILE = YES;
				INFOPLIST_FILE = SwipBox/Info.plist;
				INFOPLIST_KEY_UIApplicationSupportsIndirectInputEvents = YES;
				INFOPLIST_KEY_UILaunchStoryboardName = LaunchScreen;
				INFOPLIST_KEY_UIMainStoryboardFile = Main;
				INFOPLIST_KEY_UISupportedInterfaceOrientations_iPad = "UIInterfaceOrientationPortrait UIInterfaceOrientationPortraitUpsideDown UIInterfaceOrientationLandscapeLeft UIInterfaceOrientationLandscapeRight";
				INFOPLIST_KEY_UISupportedInterfaceOrientations_iPhone = "UIInterfaceOrientationPortrait UIInterfaceOrientationLandscapeLeft UIInterfaceOrientationLandscapeRight";
				INFOPLIST_KEY_UIUserInterfaceStyle = Light;
				LD_RUNPATH_SEARCH_PATHS = (
					"$(inherited)",
					"@executable_path/Frameworks",
				);
				MARKETING_VERSION = 1.0;
				PRODUCT_BUNDLE_IDENTIFIER = com.genie.swipbox.SwipBox;
				PRODUCT_NAME = "$(TARGET_NAME)";
				SWIFT_EMIT_LOC_STRINGS = YES;
				SWIFT_VERSION = 5.0;
				TARGETED_DEVICE_FAMILY = "1,2";
			};
			name = Debug;
		};
		62A161F12AA253FA0033BF79 /* Release */ = {
			isa = XCBuildConfiguration;
			buildSettings = {
				ASSETCATALOG_COMPILER_APPICON_NAME = AppIcon;
				ASSETCATALOG_COMPILER_GLOBAL_ACCENT_COLOR_NAME = AccentColor;
				CODE_SIGN_STYLE = Automatic;
				CURRENT_PROJECT_VERSION = 1;
				DEVELOPMENT_TEAM = U393X3CX8G;
				GENERATE_INFOPLIST_FILE = YES;
				INFOPLIST_FILE = SwipBox/Info.plist;
				INFOPLIST_KEY_UIApplicationSupportsIndirectInputEvents = YES;
				INFOPLIST_KEY_UILaunchStoryboardName = LaunchScreen;
				INFOPLIST_KEY_UIMainStoryboardFile = Main;
				INFOPLIST_KEY_UISupportedInterfaceOrientations_iPad = "UIInterfaceOrientationPortrait UIInterfaceOrientationPortraitUpsideDown UIInterfaceOrientationLandscapeLeft UIInterfaceOrientationLandscapeRight";
				INFOPLIST_KEY_UISupportedInterfaceOrientations_iPhone = "UIInterfaceOrientationPortrait UIInterfaceOrientationLandscapeLeft UIInterfaceOrientationLandscapeRight";
				INFOPLIST_KEY_UIUserInterfaceStyle = Light;
				LD_RUNPATH_SEARCH_PATHS = (
					"$(inherited)",
					"@executable_path/Frameworks",
				);
				MARKETING_VERSION = 1.0;
				PRODUCT_BUNDLE_IDENTIFIER = com.genie.swipbox.SwipBox;
				PRODUCT_NAME = "$(TARGET_NAME)";
				SWIFT_EMIT_LOC_STRINGS = YES;
				SWIFT_VERSION = 5.0;
				TARGETED_DEVICE_FAMILY = "1,2";
			};
			name = Release;
		};
/* End XCBuildConfiguration section */

/* Begin XCConfigurationList section */
		62A161D62AA253F90033BF79 /* Build configuration list for PBXProject "SwipBox" */ = {
			isa = XCConfigurationList;
			buildConfigurations = (
				62A161ED2AA253FA0033BF79 /* Debug */,
				62A161EE2AA253FA0033BF79 /* Release */,
			);
			defaultConfigurationIsVisible = 0;
			defaultConfigurationName = Release;
		};
		62A161EF2AA253FA0033BF79 /* Build configuration list for PBXNativeTarget "SwipBox" */ = {
			isa = XCConfigurationList;
			buildConfigurations = (
				62A161F02AA253FA0033BF79 /* Debug */,
				62A161F12AA253FA0033BF79 /* Release */,
			);
			defaultConfigurationIsVisible = 0;
			defaultConfigurationName = Release;
		};
/* End XCConfigurationList section */

/* Begin XCRemoteSwiftPackageReference section */
		62A1621F2AA270130033BF79 /* XCRemoteSwiftPackageReference "Kingfisher" */ = {
			isa = XCRemoteSwiftPackageReference;
			repositoryURL = "https://github.com/onevcat/Kingfisher.git";
			requirement = {
				kind = upToNextMajorVersion;
				minimumVersion = 7.6.2;
			};
		};
/* End XCRemoteSwiftPackageReference section */

/* Begin XCSwiftPackageProductDependency section */
		62A162202AA270130033BF79 /* Kingfisher */ = {
			isa = XCSwiftPackageProductDependency;
			package = 62A1621F2AA270130033BF79 /* XCRemoteSwiftPackageReference "Kingfisher" */;
			productName = Kingfisher;
		};
/* End XCSwiftPackageProductDependency section */
	};
	rootObject = 62A161D32AA253F90033BF79 /* Project object */;
}
